{"version":4,"terraform_version":"1.9.0","serial":9,"lineage":"c0df7f59-b3dc-f3c2-0d83-29583d2a897b","outputs":{"bucket":{"value":"workbench-gated-snapshots","type":"string"},"function_name":{"value":"workbench-refresh","type":"string"},"log_group":{"value":"/aws/lambda/workbench-refresh","type":"string"},"schedule_name":{"value":"workbench-refresh-nightly","type":"string"}},"resources":[{"mode":"data","type":"aws_iam_policy_document","name":"assume","provider":"provider[\"registry.opentofu.org/hashicorp/aws\"]","instances":[{"schema_version":0,"attributes":{"id":"2690255455","json":"{\n  \"Version\": \"2012-10-17\",\n  \"Statement\": [\n    {\n      \"Effect\": \"Allow\",\n      \"Action\": \"sts:AssumeRole\",\n      \"Principal\": {\n        \"Service\": \"lambda.amazonaws.com\"\n      }\n    }\n  ]\n}","minified_json":"{\"Version\":\"2012-10-17\",\"Statement\":[{\"Effect\":\"Allow\",\"Action\":\"sts:AssumeRole\",\"Principal\":{\"Service\":\"lambda.amazonaws.com\"}}]}","override_json":null,"override_policy_documents":null,"policy_id":null,"source_json":null,"source_policy_documents":null,"statement":[{"actions":["sts:AssumeRole"],"condition":[],"effect":"Allow","not_actions":[],"not_principals":[],"not_resources":[],"principals":[{"identifiers":["lambda.amazonaws.com"],"type":"Service"}],"resources":[],"sid":""}],"version":"2012-10-17"},"sensitive_attributes":[]}]},{"mode":"data","type":"aws_iam_policy_document","name":"scheduler_assume","provider":"provider[\"registry.opentofu.org/hashicorp/aws\"]","instances":[{"schema_version":0,"attributes":{"id":"52247394","json":"{\n  \"Version\": \"2012-10-17\",\n  \"Statement\": [\n    {\n      \"Effect\": \"Allow\",\n      \"Action\": \"sts:AssumeRole\",\n      \"Principal\": {\n        \"Service\": \"scheduler.amazonaws.com\"\n      }\n    }\n  ]\n}","minified_json":"{\"Version\":\"2012-10-17\",\"Statement\":[{\"Effect\":\"Allow\",\"Action\":\"sts:AssumeRole\",\"Principal\":{\"Service\":\"scheduler.amazonaws.com\"}}]}","override_json":null,"override_policy_documents":null,"policy_id":null,"source_json":null,"source_policy_documents":null,"statement":[{"actions":["sts:AssumeRole"],"condition":[],"effect":"Allow","not_actions":[],"not_principals":[],"not_resources":[],"principals":[{"identifiers":["scheduler.amazonaws.com"],"type":"Service"}],"resources":[],"sid":""}],"version":"2012-10-17"},"sensitive_attributes":[]}]},{"mode":"managed","type":"aws_cloudwatch_log_group","name":"refresh","provider":"provider[\"registry.opentofu.org/hashicorp/aws\"]","instances":[{"schema_version":0,"attributes":{"arn":"arn:aws:logs:us-east-1:000000000000:log-group:/aws/lambda/workbench-refresh","deletion_protection_enabled":false,"id":"/aws/lambda/workbench-refresh","kms_key_id":"","log_group_class":"","name":"/aws/lambda/workbench-refresh","name_prefix":"","region":"us-east-1","retention_in_days":7,"skip_destroy":false,"tags":null,"tags_all":{}},"sensitive_attributes":[],"private":"bnVsbA==","dependencies":["aws_iam_role.refresh","aws_lambda_function.refresh","aws_s3_bucket.snapshots","data.aws_iam_policy_document.assume"]}]},{"mode":"managed","type":"aws_iam_role","name":"refresh","provider":"provider[\"registry.opentofu.org/hashicorp/aws\"]","instances":[{"schema_version":0,"attributes":{"arn":"arn:aws:iam::000000000000:role/workbench-refresh-role","assume_role_policy":"{\"Statement\":[{\"Action\":\"sts:AssumeRole\",\"Effect\":\"Allow\",\"Principal\":{\"Service\":\"lambda.amazonaws.com\"}}],\"Version\":\"2012-10-17\"}","create_date":"2026-09-09T09:07:19Z","description":"","force_detach_policies":false,"id":"workbench-refresh-role","inline_policy":[],"managed_policy_arns":[],"max_session_duration":3600,"name":"workbench-refresh-role","name_prefix":"","path":"/","permissions_boundary":"","tags":null,"tags_all":{},"unique_id":"AROA9XB22G9J80PDKPLD"},"sensitive_attributes":[],"private":"bnVsbA==","dependencies":["data.aws_iam_policy_document.assume"]}]},{"mode":"managed","type":"aws_iam_role","name":"scheduler","provider":"provider[\"registry.opentofu.org/hashicorp/aws\"]","instances":[{"schema_version":0,"attributes":{"arn":"arn:aws:iam::000000000000:role/workbench-scheduler-role","assume_role_policy":"{\"Statement\":[{\"Action\":\"sts:AssumeRole\",\"Effect\":\"Allow\",\"Principal\":{\"Service\":\"scheduler.amazonaws.com\"}}],\"Version\":\"2012-10-17\"}","create_date":"2026-09-09T09:07:19Z","description":"","force_detach_policies":false,"id":"workbench-scheduler-role","inline_policy":[],"managed_policy_arns":[],"max_session_duration":3600,"name":"workbench-scheduler-role","name_prefix":"","path":"/","permissions_boundary":"","tags":null,"tags_all":{},"unique_id":"AROAC0O6RJBXBB1DB9R1"},"sensitive_attributes":[],"private":"bnVsbA==","dependencies":["data.aws_iam_policy_document.scheduler_assume"]}]},{"mode":"managed","type":"aws_iam_role_policy","name":"s3_put","provider":"provider[\"registry.opentofu.org/hashicorp/aws\"]","instances":[{"schema_version":0,"attributes":{"id":"workbench-refresh-role:put-snapshots","name":"put-snapshots","name_prefix":"","policy":"{\"Version\":\"2012-10-17\",\"Statement\":[{\"Action\":[\"s3:PutObject\",\"s3:GetObject\",\"s3:ListBucket\"],\"Effect\":\"Allow\",\"Resource\":[\"arn:aws:s3:::workbench-gated-snapshots\",\"arn:aws:s3:::workbench-gated-snapshots/*\"]}]}","role":"workbench-refresh-role"},"sensitive_attributes":[],"private":"bnVsbA==","dependencies":["aws_iam_role.refresh","aws_s3_bucket.snapshots","data.aws_iam_policy_document.assume"]}]},{"mode":"managed","type":"aws_iam_role_policy","name":"scheduler_invoke","provider":"provider[\"registry.opentofu.org/hashicorp/aws\"]","instances":[{"schema_version":0,"attributes":{"id":"workbench-scheduler-role:invoke-refresh","name":"invoke-refresh","name_prefix":"","policy":"{\"Version\":\"2012-10-17\",\"Statement\":[{\"Action\":\"lambda:InvokeFunction\",\"Effect\":\"Allow\",\"Resource\":\"arn:aws:lambda:us-east-1:000000000000:function:workbench-refresh\"}]}","role":"workbench-scheduler-role"},"sensitive_attributes":[],"private":"bnVsbA==","dependencies":["aws_iam_role.refresh","aws_iam_role.scheduler","aws_lambda_function.refresh","aws_s3_bucket.snapshots","data.aws_iam_policy_document.assume","data.aws_iam_policy_document.scheduler_assume"]}]},{"mode":"managed","type":"aws_lambda_function","name":"refresh","provider":"provider[\"registry.opentofu.org/hashicorp/aws\"]","instances":[{"schema_version":0,"attributes":{"architectures":["x86_64"],"arn":"arn:aws:lambda:us-east-1:000000000000:function:workbench-refresh","capacity_provider_config":[],"code_sha256":"","code_signing_config_arn":"","dead_letter_config":[],"description":"","durable_config":[],"environment":[{"variables":{"REFRESH_BUCKET":"workbench-gated-snapshots"}}],"ephemeral_storage":[{"size":512}],"file_system_config":[],"filename":null,"function_name":"workbench-refresh","handler":"","id":"workbench-refresh","image_config":[{"command":[],"entry_point":[],"working_directory":""}],"image_uri":"workbench-refresh-lambda:latest","invoke_arn":"arn:aws:apigateway:us-east-1:lambda:path/2015-03-31/functions/arn:aws:lambda:us-east-1:000000000000:function:workbench-refresh/invocations","kms_key_arn":"","last_modified":"2026-09-09T09:07:19.652+0000","layers":null,"logging_config":[{"application_log_level":"","log_format":"Text","log_group":"/aws/lambda/workbench-refresh","system_log_level":""}],"memory_size":1024,"package_type":"Image","publish":false,"publish_to":null,"qualified_arn":"arn:aws:lambda:us-east-1:000000000000:function:workbench-refresh","qualified_invoke_arn":"arn:aws:apigateway:us-east-1:lambda:path/2015-03-31/functions/arn:aws:lambda:us-east-1:000000000000:function:workbench-refresh/invocations","region":"us-east-1","replace_security_groups_on_destroy":null,"replacement_security_group_ids":null,"reserved_concurrent_executions":-1,"response_streaming_invoke_arn":"arn:aws:apigateway:us-east-1:lambda:path/2021-11-15/functions/arn:aws:lambda:us-east-1:000000000000:function:workbench-refresh/response-streaming-invocations","role":"arn:aws:iam::000000000000:role/workbench-refresh-role","runtime":"","s3_bucket":null,"s3_key":null,"s3_object_version":null,"signing_job_arn":"","signing_profile_version_arn":"","skip_destroy":false,"snap_start":[],"source_code_hash":"","source_code_size":0,"source_kms_key_arn":"","tags":null,"tags_all":{},"tenancy_config":[],"timeout":900,"timeouts":null,"tracing_config":[{"mode":"PassThrough"}],"use_resource_timeout_for_propagation":null,"version":"$LATEST","vpc_config":[]},"sensitive_attributes":[],"private":"eyJlMmJmYjczMC1lY2FhLTExZTYtOGY4OC0zNDM2M2JjN2M0YzAiOnsiY3JlYXRlIjo2MDAwMDAwMDAwMDAsImRlbGV0ZSI6NjAwMDAwMDAwMDAwLCJ1cGRhdGUiOjYwMDAwMDAwMDAwMH19","dependencies":["aws_iam_role.refresh","aws_s3_bucket.snapshots","data.aws_iam_policy_document.assume"]}]},{"mode":"managed","type":"aws_lambda_permission","name":"scheduler","provider":"provider[\"registry.opentofu.org/hashicorp/aws\"]","instances":[{"schema_version":0,"attributes":{"action":"lambda:InvokeFunction","event_source_token":null,"function_name":"workbench-refresh","function_url_auth_type":null,"id":"AllowSchedulerInvoke","invoked_via_function_url":null,"principal":"scheduler.amazonaws.com","principal_org_id":null,"qualifier":"","region":"us-east-1","source_account":null,"source_arn":null,"statement_id":"AllowSchedulerInvoke","statement_id_prefix":"","timeouts":null},"sensitive_attributes":[],"private":"eyJlMmJmYjczMC1lY2FhLTExZTYtOGY4OC0zNDM2M2JjN2M0YzAiOnsiY3JlYXRlIjozMDAwMDAwMDAwMDAsImRlbGV0ZSI6MzAwMDAwMDAwMDAwLCJyZWFkIjozMDAwMDAwMDAwMDB9fQ==","dependencies":["aws_iam_role.refresh","aws_lambda_function.refresh","aws_s3_bucket.snapshots","data.aws_iam_policy_document.assume"]}]},{"mode":"managed","type":"aws_s3_bucket","name":"snapshots","provider":"provider[\"registry.opentofu.org/hashicorp/aws\"]","instances":[{"schema_version":0,"attributes":{"acceleration_status":"","acl":null,"arn":"arn:aws:s3:::workbench-gated-snapshots","bucket":"workbench-gated-snapshots","bucket_domain_name":"workbench-gated-snapshots.s3.amazonaws.com","bucket_namespace":"global","bucket_prefix":"","bucket_region":"us-east-1","bucket_regional_domain_name":"workbench-gated-snapshots.s3.us-east-1.amazonaws.com","cors_rule":[],"force_destroy":true,"grant":[{"id":"000000000000","permissions":["FULL_CONTROL"],"type":"CanonicalUser","uri":""}],"hosted_zone_id":"Z3AQBSTGFYJSTF","id":"workbench-gated-snapshots","lifecycle_rule":[],"logging":[],"object_lock_configuration":[],"object_lock_enabled":false,"policy":"","region":"us-east-1","replication_configuration":[],"request_payer":"BucketOwner","server_side_encryption_configuration":[{"rule":[{"apply_server_side_encryption_by_default":[{"kms_master_key_id":"","sse_algorithm":"AES256"}],"bucket_key_enabled":false}]}],"tags":null,"tags_all":{},"timeouts":null,"versioning":[{"enabled":false,"mfa_delete":false}],"website":[],"website_domain":null,"website_endpoint":null},"sensitive_attributes":[],"private":"eyJlMmJmYjczMC1lY2FhLTExZTYtOGY4OC0zNDM2M2JjN2M0YzAiOnsiY3JlYXRlIjoxMjAwMDAwMDAwMDAwLCJkZWxldGUiOjM2MDAwMDAwMDAwMDAsInJlYWQiOjEyMDAwMDAwMDAwMDAsInVwZGF0ZSI6MTIwMDAwMDAwMDAwMH19"}]},{"mode":"managed","type":"aws_scheduler_schedule","name":"nightly","provider":"provider[\"registry.opentofu.org/hashicorp/aws\"]","instances":[{"schema_version":0,"attributes":{"action_after_completion":"","arn":"arn:aws:scheduler:us-east-1:000000000000:schedule/default/workbench-refresh-nightly","description":"","end_date":"","flexible_time_window":[{"maximum_window_in_minutes":0,"mode":"OFF"}],"group_name":"default","id":"default/workbench-refresh-nightly","kms_key_arn":"","name":"workbench-refresh-nightly","name_prefix":"","region":"us-east-1","schedule_expression":"rate(1 day)","schedule_expression_timezone":"UTC","start_date":"","state":"ENABLED","target":[{"arn":"arn:aws:lambda:us-east-1:000000000000:function:workbench-refresh","dead_letter_config":[],"ecs_parameters":[],"eventbridge_parameters":[],"input":"","kinesis_parameters":[],"retry_policy":[],"role_arn":"arn:aws:iam::000000000000:role/workbench-scheduler-role","sagemaker_pipeline_parameters":[],"sqs_parameters":[]}]},"sensitive_attributes":[],"private":"bnVsbA==","dependencies":["aws_iam_role.refresh","aws_iam_role.scheduler","aws_lambda_function.refresh","aws_s3_bucket.snapshots","data.aws_iam_policy_document.assume","data.aws_iam_policy_document.scheduler_assume"]}]}],"check_results":null}
